
Microsoft Visual Studio Solution File, Format Version 12.00
# Visual Studio Version 16
VisualStudioVersion = 16.0.31005.135
MinimumVisualStudioVersion = 10.0.40219.1
Project("{FAE04EC0-301F-11D3-BF4B-00C04F79EFBC}") = "TestGitDemo", "TestGitDemo\TestGitDemo.csproj", "{7925ED94-5FAD-48BE-9E06-7E85079FDCBE}"
EndProject
Global
	GlobalSection(SolutionConfigurationPlatforms) = preSolution
		Debug|Any CPU = Debug|Any CPU
		Release|Any CPU = Release|Any CPU
	EndGlobalSection
	GlobalSection(ProjectConfigurationPlatforms) = postSolution
		{7925ED94-5FAD-48BE-9E06-7E85079FDCBE}.Debug|Any CPU.ActiveCfg = Debug|Any CPU
		{7925ED94-5FAD-48BE-9E06-7E85079FDCBE}.Debug|Any CPU.Build.0 = Debug|Any CPU
		{7925ED94-5FAD-48BE-9E06-7E85079FDCBE}.Release|Any CPU.ActiveCfg = Release|Any CPU
		{7925ED94-5FAD-48BE-9E06-7E85079FDCBE}.Release|Any CPU.Build.0 = Release|Any CPU
	EndGlobalSection
	GlobalSection(SolutionProperties) = preSolution
		HideSolutionNode = FALSE
	EndGlobalSection
	GlobalSection(ExtensibilityGlobals) = postSolution
		SolutionGuid = {64AA49C9-73CB-49C0-A590-AF7F44B2B325}
	EndGlobalSection
EndGlobal
